// !$*UTF8*$!
{
	archiveVersion = 1;
	classes = {
	};
	objectVersion = 52;
	objects = {

/* Begin PBXBuildFile section */
		03C41DB92615DBFC0055D985 /* AppDelegate.swift in Sources */ = {isa = PBXBuildFile; fileRef = 03C41DB82615DBFC0055D985 /* AppDelegate.swift */; };
		03C41DBD2615DBFC0055D985 /* MWViewController.swift in Sources */ = {isa = PBXBuildFile; fileRef = 03C41DBC2615DBFC0055D985 /* MWViewController.swift */; };
		03C41DC22615DBFE0055D985 /* Assets.xcassets in Resources */ = {isa = PBXBuildFile; fileRef = 03C41DC12615DBFE0055D985 /* Assets.xcassets */; };
		03C41DC52615DBFE0055D985 /* LaunchScreen.storyboard in Resources */ = {isa = PBXBuildFile; fileRef = 03C41DC32615DBFE0055D985 /* LaunchScreen.storyboard */; };
		03C41DDB2615DF730055D985 /* SnapKit in Frameworks */ = {isa = PBXBuildFile; productRef = 03C41DDA2615DF730055D985 /* SnapKit */; };
		03C41DDE2615E10E0055D985 /* UIView+Ex.swift in Sources */ = {isa = PBXBuildFile; fileRef = 03C41DDD2615E10E0055D985 /* UIView+Ex.swift */; };
		03C41DE12615E13B0055D985 /* UIEdgeInsets+Ex.swift in Sources */ = {isa = PBXBuildFile; fileRef = 03C41DE02615E13B0055D985 /* UIEdgeInsets+Ex.swift */; };
		03C41DE82615F0CD0055D985 /* MWInterface.swift in Sources */ = {isa = PBXBuildFile; fileRef = 03C41DE72615F0CD0055D985 /* MWInterface.swift */; };
		03C41DEF2615FAE10055D985 /* MWInitViewController.swift in Sources */ = {isa = PBXBuildFile; fileRef = 03C41DEE2615FAE10055D985 /* MWInitViewController.swift */; };
		03C41DF32615FCAB0055D985 /* Colors.xcassets in Resources */ = {isa = PBXBuildFile; fileRef = 03C41DF22615FCAB0055D985 /* Colors.xcassets */; };
		03C41DF82615FD6C0055D985 /* MWMoviesController.swift in Sources */ = {isa = PBXBuildFile; fileRef = 03C41DF72615FD6C0055D985 /* MWMoviesController.swift */; };
		03C41E1326163FCA0055D985 /* MWMovieModel.swift in Sources */ = {isa = PBXBuildFile; fileRef = 03C41E1226163FCA0055D985 /* MWMovieModel.swift */; };
		03C41E1726163FEE0055D985 /* Date+Ex.swift in Sources */ = {isa = PBXBuildFile; fileRef = 03C41E1626163FEE0055D985 /* Date+Ex.swift */; };
		03E0A839261B476000BD04B4 /* MWMainTabBarController.swift in Sources */ = {isa = PBXBuildFile; fileRef = 03E0A838261B476000BD04B4 /* MWMainTabBarController.swift */; };
		03E0A83F261B47BE00BD04B4 /* MWMainViewController.swift in Sources */ = {isa = PBXBuildFile; fileRef = 03E0A83E261B47BE00BD04B4 /* MWMainViewController.swift */; };
		03E0A844261B482C00BD04B4 /* MWRowCell.swift in Sources */ = {isa = PBXBuildFile; fileRef = 03E0A843261B482C00BD04B4 /* MWRowCell.swift */; };
		03E0A847261B484800BD04B4 /* MWMainMovieCell.swift in Sources */ = {isa = PBXBuildFile; fileRef = 03E0A846261B484800BD04B4 /* MWMainMovieCell.swift */; };
		03E0A84A261B486000BD04B4 /* MWMovie.swift in Sources */ = {isa = PBXBuildFile; fileRef = 03E0A849261B486000BD04B4 /* MWMovie.swift */; };
/* End PBXBuildFile section */

/* Begin PBXFileReference section */
		03C41DB52615DBFC0055D985 /* MovieWorld.app */ = {isa = PBXFileReference; explicitFileType = wrapper.application; includeInIndex = 0; path = MovieWorld.app; sourceTree = BUILT_PRODUCTS_DIR; };
		03C41DB82615DBFC0055D985 /* AppDelegate.swift */ = {isa = PBXFileReference; lastKnownFileType = sourcecode.swift; path = AppDelegate.swift; sourceTree = "<group>"; };
		03C41DBC2615DBFC0055D985 /* MWViewController.swift */ = {isa = PBXFileReference; lastKnownFileType = sourcecode.swift; path = MWViewController.swift; sourceTree = "<group>"; };
		03C41DC12615DBFE0055D985 /* Assets.xcassets */ = {isa = PBXFileReference; lastKnownFileType = folder.assetcatalog; path = Assets.xcassets; sourceTree = "<group>"; };
		03C41DC42615DBFE0055D985 /* Base */ = {isa = PBXFileReference; lastKnownFileType = file.storyboard; name = Base; path = Base.lproj/LaunchScreen.storyboard; sourceTree = "<group>"; };
		03C41DC62615DBFE0055D985 /* Info.plist */ = {isa = PBXFileReference; lastKnownFileType = text.plist.xml; path = Info.plist; sourceTree = "<group>"; };
		03C41DDD2615E10E0055D985 /* UIView+Ex.swift */ = {isa = PBXFileReference; lastKnownFileType = sourcecode.swift; path = "UIView+Ex.swift"; sourceTree = "<group>"; };
		03C41DE02615E13B0055D985 /* UIEdgeInsets+Ex.swift */ = {isa = PBXFileReference; lastKnownFileType = sourcecode.swift; path = "UIEdgeInsets+Ex.swift"; sourceTree = "<group>"; };
		03C41DE72615F0CD0055D985 /* MWInterface.swift */ = {isa = PBXFileReference; lastKnownFileType = sourcecode.swift; path = MWInterface.swift; sourceTree = "<group>"; };
		03C41DEE2615FAE10055D985 /* MWInitViewController.swift */ = {isa = PBXFileReference; lastKnownFileType = sourcecode.swift; path = MWInitViewController.swift; sourceTree = "<group>"; };
		03C41DF22615FCAB0055D985 /* Colors.xcassets */ = {isa = PBXFileReference; lastKnownFileType = folder.assetcatalog; path = Colors.xcassets; sourceTree = "<group>"; };
		03C41DF72615FD6C0055D985 /* MWMoviesController.swift */ = {isa = PBXFileReference; lastKnownFileType = sourcecode.swift; path = MWMoviesController.swift; sourceTree = "<group>"; };
		03C41E1226163FCA0055D985 /* MWMovieModel.swift */ = {isa = PBXFileReference; lastKnownFileType = sourcecode.swift; path = MWMovieModel.swift; sourceTree = "<group>"; };
		03C41E1626163FEE0055D985 /* Date+Ex.swift */ = {isa = PBXFileReference; lastKnownFileType = sourcecode.swift; path = "Date+Ex.swift"; sourceTree = "<group>"; };
		03E0A838261B476000BD04B4 /* MWMainTabBarController.swift */ = {isa = PBXFileReference; lastKnownFileType = sourcecode.swift; path = MWMainTabBarController.swift; sourceTree = "<group>"; };
		03E0A83E261B47BE00BD04B4 /* MWMainViewController.swift */ = {isa = PBXFileReference; lastKnownFileType = sourcecode.swift; path = MWMainViewController.swift; sourceTree = "<group>"; };
		03E0A843261B482C00BD04B4 /* MWRowCell.swift */ = {isa = PBXFileReference; lastKnownFileType = sourcecode.swift; path = MWRowCell.swift; sourceTree = "<group>"; };
		03E0A846261B484800BD04B4 /* MWMainMovieCell.swift */ = {isa = PBXFileReference; lastKnownFileType = sourcecode.swift; path = MWMainMovieCell.swift; sourceTree = "<group>"; };
		03E0A849261B486000BD04B4 /* MWMovie.swift */ = {isa = PBXFileReference; lastKnownFileType = sourcecode.swift; path = MWMovie.swift; sourceTree = "<group>"; };
/* End PBXFileReference section */

/* Begin PBXFrameworksBuildPhase section */
		03C41DB22615DBFC0055D985 /* Frameworks */ = {
			isa = PBXFrameworksBuildPhase;
			buildActionMask = 2147483647;
			files = (
				03C41DDB2615DF730055D985 /* SnapKit in Frameworks */,
			);
			runOnlyForDeploymentPostprocessing = 0;
		};
/* End PBXFrameworksBuildPhase section */

/* Begin PBXGroup section */
		03C41DAC2615DBFC0055D985 = {
			isa = PBXGroup;
			children = (
				03C41DB72615DBFC0055D985 /* MovieWorld */,
				03C41DB62615DBFC0055D985 /* Products */,
			);
			sourceTree = "<group>";
		};
		03C41DB62615DBFC0055D985 /* Products */ = {
			isa = PBXGroup;
			children = (
				03C41DB52615DBFC0055D985 /* MovieWorld.app */,
			);
			name = Products;
			sourceTree = "<group>";
		};
		03C41DB72615DBFC0055D985 /* MovieWorld */ = {
			isa = PBXGroup;
			children = (
				03C41DB82615DBFC0055D985 /* AppDelegate.swift */,
				03C41DD52615DE2D0055D985 /* Common */,
				03C41DD32615DE160055D985 /* Features */,
				03C41DD82615DE440055D985 /* Resources */,
				03C41DD42615DE270055D985 /* Extensions */,
				03C41DC62615DBFE0055D985 /* Info.plist */,
			);
			path = MovieWorld;
			sourceTree = "<group>";
		};
		03C41DD32615DE160055D985 /* Features */ = {
			isa = PBXGroup;
			children = (
				03E0A83B261B47A400BD04B4 /* Main */,
				03C41DF52615FD510055D985 /* Movies */,
				03C41DEC2615FACC0055D985 /* Initialization */,
			);
			path = Features;
			sourceTree = "<group>";
		};
		03C41DD42615DE270055D985 /* Extensions */ = {
			isa = PBXGroup;
			children = (
				03C41DDD2615E10E0055D985 /* UIView+Ex.swift */,
				03C41DE02615E13B0055D985 /* UIEdgeInsets+Ex.swift */,
				03C41E1626163FEE0055D985 /* Date+Ex.swift */,
			);
			path = Extensions;
			sourceTree = "<group>";
		};
		03C41DD52615DE2D0055D985 /* Common */ = {
			isa = PBXGroup;
			children = (
				03C41DE32615E1AA0055D985 /* Navigation */,
				03C41DD72615DE3A0055D985 /* Views */,
				03C41DD62615DE350055D985 /* Controllers */,
			);
			path = Common;
			sourceTree = "<group>";
		};
		03C41DD62615DE350055D985 /* Controllers */ = {
			isa = PBXGroup;
			children = (
				03C41DBC2615DBFC0055D985 /* MWViewController.swift */,
				03E0A838261B476000BD04B4 /* MWMainTabBarController.swift */,
			);
			path = Controllers;
			sourceTree = "<group>";
		};
		03C41DD72615DE3A0055D985 /* Views */ = {
			isa = PBXGroup;
			children = (
			);
			path = Views;
			sourceTree = "<group>";
		};
		03C41DD82615DE440055D985 /* Resources */ = {
			isa = PBXGroup;
			children = (
				03C41DC32615DBFE0055D985 /* LaunchScreen.storyboard */,
				03C41DC12615DBFE0055D985 /* Assets.xcassets */,
				03C41DF22615FCAB0055D985 /* Colors.xcassets */,
			);
			path = Resources;
			sourceTree = "<group>";
		};
		03C41DE32615E1AA0055D985 /* Navigation */ = {
			isa = PBXGroup;
			children = (
				03C41DE72615F0CD0055D985 /* MWInterface.swift */,
			);
			path = Navigation;
			sourceTree = "<group>";
		};
		03C41DEC2615FACC0055D985 /* Initialization */ = {
			isa = PBXGroup;
			children = (
				03C41DED2615FAD20055D985 /* Controllers */,
			);
			path = Initialization;
			sourceTree = "<group>";
		};
		03C41DED2615FAD20055D985 /* Controllers */ = {
			isa = PBXGroup;
			children = (
				03C41DEE2615FAE10055D985 /* MWInitViewController.swift */,
			);
			path = Controllers;
			sourceTree = "<group>";
		};
		03C41DF52615FD510055D985 /* Movies */ = {
			isa = PBXGroup;
			children = (
				03C41E0F26163FA00055D985 /* Models */,
				03C41DF62615FD5F0055D985 /* Controllers */,
			);
			path = Movies;
			sourceTree = "<group>";
		};
		03C41DF62615FD5F0055D985 /* Controllers */ = {
			isa = PBXGroup;
			children = (
				03C41DF72615FD6C0055D985 /* MWMoviesController.swift */,
			);
			path = Controllers;
			sourceTree = "<group>";
		};
		03C41E0F26163FA00055D985 /* Models */ = {
			isa = PBXGroup;
			children = (
				03C41E1226163FCA0055D985 /* MWMovieModel.swift */,
			);
			path = Models;
			sourceTree = "<group>";
		};
		03E0A83B261B47A400BD04B4 /* Main */ = {
			isa = PBXGroup;
			children = (
				03E0A842261B482100BD04B4 /* Views */,
				03E0A83D261B47AD00BD04B4 /* Models */,
				03E0A83C261B47A900BD04B4 /* Controllers */,
			);
			path = Main;
			sourceTree = "<group>";
		};
		03E0A83C261B47A900BD04B4 /* Controllers */ = {
			isa = PBXGroup;
			children = (
				03E0A83E261B47BE00BD04B4 /* MWMainViewController.swift */,
			);
			path = Controllers;
			sourceTree = "<group>";
		};
		03E0A83D261B47AD00BD04B4 /* Models */ = {
			isa = PBXGroup;
			children = (
				03E0A849261B486000BD04B4 /* MWMovie.swift */,
			);
			path = Models;
			sourceTree = "<group>";
		};
		03E0A842261B482100BD04B4 /* Views */ = {
			isa = PBXGroup;
			children = (
				03E0A843261B482C00BD04B4 /* MWRowCell.swift */,
				03E0A846261B484800BD04B4 /* MWMainMovieCell.swift */,
			);
			path = Views;
			sourceTree = "<group>";
		};
/* End PBXGroup section */

/* Begin PBXNativeTarget section */
		03C41DB42615DBFC0055D985 /* MovieWorld */ = {
			isa = PBXNativeTarget;
			buildConfigurationList = 03C41DC92615DBFE0055D985 /* Build configuration list for PBXNativeTarget "MovieWorld" */;
			buildPhases = (
				03C41DB12615DBFC0055D985 /* Sources */,
				03C41DB22615DBFC0055D985 /* Frameworks */,
				03C41DB32615DBFC0055D985 /* Resources */,
			);
			buildRules = (
			);
			dependencies = (
			);
			name = MovieWorld;
			packageProductDependencies = (
				03C41DDA2615DF730055D985 /* SnapKit */,
			);
			productName = MovieWorld;
			productReference = 03C41DB52615DBFC0055D985 /* MovieWorld.app */;
			productType = "com.apple.product-type.application";
		};
/* End PBXNativeTarget section */

/* Begin PBXProject section */
		03C41DAD2615DBFC0055D985 /* Project object */ = {
			isa = PBXProject;
			attributes = {
				LastSwiftUpdateCheck = 1240;
				LastUpgradeCheck = 1240;
				TargetAttributes = {
					03C41DB42615DBFC0055D985 = {
						CreatedOnToolsVersion = 12.4;
					};
				};
			};
			buildConfigurationList = 03C41DB02615DBFC0055D985 /* Build configuration list for PBXProject "MovieWorld" */;
			compatibilityVersion = "Xcode 9.3";
			developmentRegion = en;
			hasScannedForEncodings = 0;
			knownRegions = (
				en,
				Base,
			);
			mainGroup = 03C41DAC2615DBFC0055D985;
			packageReferences = (
				03C41DD92615DF730055D985 /* XCRemoteSwiftPackageReference "SnapKit" */,
			);
			productRefGroup = 03C41DB62615DBFC0055D985 /* Products */;
			projectDirPath = "";
			projectRoot = "";
			targets = (
				03C41DB42615DBFC0055D985 /* MovieWorld */,
			);
		};
/* End PBXProject section */

/* Begin PBXResourcesBuildPhase section */
		03C41DB32615DBFC0055D985 /* Resources */ = {
			isa = PBXResourcesBuildPhase;
			buildActionMask = 2147483647;
			files = (
				03C41DF32615FCAB0055D985 /* Colors.xcassets in Resources */,
				03C41DC52615DBFE0055D985 /* LaunchScreen.storyboard in Resources */,
				03C41DC22615DBFE0055D985 /* Assets.xcassets in Resources */,
			);
			runOnlyForDeploymentPostprocessing = 0;
		};
/* End PBXResourcesBuildPhase section */

/* Begin PBXSourcesBuildPhase section */
		03C41DB12615DBFC0055D985 /* Sources */ = {
			isa = PBXSourcesBuildPhase;
			buildActionMask = 2147483647;
			files = (
				03C41DF82615FD6C0055D985 /* MWMoviesController.swift in Sources */,
				03C41DBD2615DBFC0055D985 /* MWViewController.swift in Sources */,
				03C41E1326163FCA0055D985 /* MWMovieModel.swift in Sources */,
				03E0A83F261B47BE00BD04B4 /* MWMainViewController.swift in Sources */,
				03E0A84A261B486000BD04B4 /* MWMovie.swift in Sources */,
				03E0A847261B484800BD04B4 /* MWMainMovieCell.swift in Sources */,
				03C41E1726163FEE0055D985 /* Date+Ex.swift in Sources */,
				03C41DE12615E13B0055D985 /* UIEdgeInsets+Ex.swift in Sources */,
				03C41DB92615DBFC0055D985 /* AppDelegate.swift in Sources */,
				03E0A839261B476000BD04B4 /* MWMainTabBarController.swift in Sources */,
				03C41DE82615F0CD0055D985 /* MWInterface.swift in Sources */,
				03C41DEF2615FAE10055D985 /* MWInitViewController.swift in Sources */,
				03E0A844261B482C00BD04B4 /* MWRowCell.swift in Sources */,
				03C41DDE2615E10E0055D985 /* UIView+Ex.swift in Sources */,
			);
			runOnlyForDeploymentPostprocessing = 0;
		};
/* End PBXSourcesBuildPhase section */

/* Begin PBXVariantGroup section */
		03C41DC32615DBFE0055D985 /* LaunchScreen.storyboard */ = {
			isa = PBXVariantGroup;
			children = (
				03C41DC42615DBFE0055D985 /* Base */,
			);
			name = LaunchScreen.storyboard;
			sourceTree = "<group>";
		};
/* End PBXVariantGroup section */

/* Begin XCBuildConfiguration section */
		03C41DC72615DBFE0055D985 /* Debug */ = {
			isa = XCBuildConfiguration;
			buildSettings = {
				ALWAYS_SEARCH_USER_PATHS = NO;
				CLANG_ANALYZER_NONNULL = YES;
				CLANG_ANALYZER_NUMBER_OBJECT_CONVERSION = YES_AGGRESSIVE;
				CLANG_CXX_LANGUAGE_STANDARD = "gnu++14";
				CLANG_CXX_LIBRARY = "libc++";
				CLANG_ENABLE_MODULES = YES;
				CLANG_ENABLE_OBJC_ARC = YES;
				CLANG_ENABLE_OBJC_WEAK = YES;
				CLANG_WARN_BLOCK_CAPTURE_AUTORELEASING = YES;
				CLANG_WARN_BOOL_CONVERSION = YES;
				CLANG_WARN_COMMA = YES;
				CLANG_WARN_CONSTANT_CONVERSION = YES;
				CLANG_WARN_DEPRECATED_OBJC_IMPLEMENTATIONS = YES;
				CLANG_WARN_DIRECT_OBJC_ISA_USAGE = YES_ERROR;
				CLANG_WARN_DOCUMENTATION_COMMENTS = YES;
				CLANG_WARN_EMPTY_BODY = YES;
				CLANG_WARN_ENUM_CONVERSION = YES;
				CLANG_WARN_INFINITE_RECURSION = YES;
				CLANG_WARN_INT_CONVERSION = YES;
				CLANG_WARN_NON_LITERAL_NULL_CONVERSION = YES;
				CLANG_WARN_OBJC_IMPLICIT_RETAIN_SELF = YES;
				CLANG_WARN_OBJC_LITERAL_CONVERSION = YES;
				CLANG_WARN_OBJC_ROOT_CLASS = YES_ERROR;
				CLANG_WARN_QUOTED_INCLUDE_IN_FRAMEWORK_HEADER = YES;
				CLANG_WARN_RANGE_LOOP_ANALYSIS = YES;
				CLANG_WARN_STRICT_PROTOTYPES = YES;
				CLANG_WARN_SUSPICIOUS_MOVE = YES;
				CLANG_WARN_UNGUARDED_AVAILABILITY = YES_AGGRESSIVE;
				CLANG_WARN_UNREACHABLE_CODE = YES;
				CLANG_WARN__DUPLICATE_METHOD_MATCH = YES;
				COPY_PHASE_STRIP = NO;
				DEBUG_INFORMATION_FORMAT = dwarf;
				ENABLE_STRICT_OBJC_MSGSEND = YES;
				ENABLE_TESTABILITY = YES;
				GCC_C_LANGUAGE_STANDARD = gnu11;
				GCC_DYNAMIC_NO_PIC = NO;
				GCC_NO_COMMON_BLOCKS = YES;
				GCC_OPTIMIZATION_LEVEL = 0;
				GCC_PREPROCESSOR_DEFINITIONS = (
					"DEBUG=1",
					"$(inherited)",
				);
				GCC_WARN_64_TO_32_BIT_CONVERSION = YES;
				GCC_WARN_ABOUT_RETURN_TYPE = YES_ERROR;
				GCC_WARN_UNDECLARED_SELECTOR = YES;
				GCC_WARN_UNINITIALIZED_AUTOS = YES_AGGRESSIVE;
				GCC_WARN_UNUSED_FUNCTION = YES;
				GCC_WARN_UNUSED_VARIABLE = YES;
				IPHONEOS_DEPLOYMENT_TARGET = 14.4;
				MTL_ENABLE_DEBUG_INFO = INCLUDE_SOURCE;
				MTL_FAST_MATH = YES;
				ONLY_ACTIVE_ARCH = YES;
				SDKROOT = iphoneos;
				SWIFT_ACTIVE_COMPILATION_CONDITIONS = DEBUG;
				SWIFT_OPTIMIZATION_LEVEL = "-Onone";
			};
			name = Debug;
		};
		03C41DC82615DBFE0055D985 /* Release */ = {
			isa = XCBuildConfiguration;
			buildSettings = {
				ALWAYS_SEARCH_USER_PATHS = NO;
				CLANG_ANALYZER_NONNULL = YES;
				CLANG_ANALYZER_NUMBER_OBJECT_CONVERSION = YES_AGGRESSIVE;
				CLANG_CXX_LANGUAGE_STANDARD = "gnu++14";
				CLANG_CXX_LIBRARY = "libc++";
				CLANG_ENABLE_MODULES = YES;
				CLANG_ENABLE_OBJC_ARC = YES;
				CLANG_ENABLE_OBJC_WEAK = YES;
				CLANG_WARN_BLOCK_CAPTURE_AUTORELEASING = YES;
				CLANG_WARN_BOOL_CONVERSION = YES;
				CLANG_WARN_COMMA = YES;
				CLANG_WARN_CONSTANT_CONVERSION = YES;
				CLANG_WARN_DEPRECATED_OBJC_IMPLEMENTATIONS = YES;
				CLANG_WARN_DIRECT_OBJC_ISA_USAGE = YES_ERROR;
				CLANG_WARN_DOCUMENTATION_COMMENTS = YES;
				CLANG_WARN_EMPTY_BODY = YES;
				CLANG_WARN_ENUM_CONVERSION = YES;
				CLANG_WARN_INFINITE_RECURSION = YES;
				CLANG_WARN_INT_CONVERSION = YES;
				CLANG_WARN_NON_LITERAL_NULL_CONVERSION = YES;
				CLANG_WARN_OBJC_IMPLICIT_RETAIN_SELF = YES;
				CLANG_WARN_OBJC_LITERAL_CONVERSION = YES;
				CLANG_WARN_OBJC_ROOT_CLASS = YES_ERROR;
				CLANG_WARN_QUOTED_INCLUDE_IN_FRAMEWORK_HEADER = YES;
				CLANG_WARN_RANGE_LOOP_ANALYSIS = YES;
				CLANG_WARN_STRICT_PROTOTYPES = YES;
				CLANG_WARN_SUSPICIOUS_MOVE = YES;
				CLANG_WARN_UNGUARDED_AVAILABILITY = YES_AGGRESSIVE;
				CLANG_WARN_UNREACHABLE_CODE = YES;
				CLANG_WARN__DUPLICATE_METHOD_MATCH = YES;
				COPY_PHASE_STRIP = NO;
				DEBUG_INFORMATION_FORMAT = "dwarf-with-dsym";
				ENABLE_NS_ASSERTIONS = NO;
				ENABLE_STRICT_OBJC_MSGSEND = YES;
				GCC_C_LANGUAGE_STANDARD = gnu11;
				GCC_NO_COMMON_BLOCKS = YES;
				GCC_WARN_64_TO_32_BIT_CONVERSION = YES;
				GCC_WARN_ABOUT_RETURN_TYPE = YES_ERROR;
				GCC_WARN_UNDECLARED_SELECTOR = YES;
				GCC_WARN_UNINITIALIZED_AUTOS = YES_AGGRESSIVE;
				GCC_WARN_UNUSED_FUNCTION = YES;
				GCC_WARN_UNUSED_VARIABLE = YES;
				IPHONEOS_DEPLOYMENT_TARGET = 14.4;
				MTL_ENABLE_DEBUG_INFO = NO;
				MTL_FAST_MATH = YES;
				SDKROOT = iphoneos;
				SWIFT_COMPILATION_MODE = wholemodule;
				SWIFT_OPTIMIZATION_LEVEL = "-O";
				VALIDATE_PRODUCT = YES;
			};
			name = Release;
		};
		03C41DCA2615DBFE0055D985 /* Debug */ = {
			isa = XCBuildConfiguration;
			buildSettings = {
				ASSETCATALOG_COMPILER_APPICON_NAME = AppIcon;
				ASSETCATALOG_COMPILER_GLOBAL_ACCENT_COLOR_NAME = AccentColor;
				CODE_SIGN_STYLE = Automatic;
				DEVELOPMENT_TEAM = KG39R2KX5K;
				INFOPLIST_FILE = MovieWorld/Info.plist;
				LD_RUNPATH_SEARCH_PATHS = (
					"$(inherited)",
					"@executable_path/Frameworks",
				);
				PRODUCT_BUNDLE_IDENTIFIER = by.korneyeva.MovieWorld;
				PRODUCT_NAME = "$(TARGET_NAME)";
				SWIFT_VERSION = 5.0;
				TARGETED_DEVICE_FAMILY = 1;
			};
			name = Debug;
		};
		03C41DCB2615DBFE0055D985 /* Release */ = {
			isa = XCBuildConfiguration;
			buildSettings = {
				ASSETCATALOG_COMPILER_APPICON_NAME = AppIcon;
				ASSETCATALOG_COMPILER_GLOBAL_ACCENT_COLOR_NAME = AccentColor;
				CODE_SIGN_STYLE = Automatic;
				DEVELOPMENT_TEAM = KG39R2KX5K;
				INFOPLIST_FILE = MovieWorld/Info.plist;
				LD_RUNPATH_SEARCH_PATHS = (
					"$(inherited)",
					"@executable_path/Frameworks",
				);
				PRODUCT_BUNDLE_IDENTIFIER = by.korneyeva.MovieWorld;
				PRODUCT_NAME = "$(TARGET_NAME)";
				SWIFT_VERSION = 5.0;
				TARGETED_DEVICE_FAMILY = 1;
			};
			name = Release;
		};
/* End XCBuildConfiguration section */

/* Begin XCConfigurationList section */
		03C41DB02615DBFC0055D985 /* Build configuration list for PBXProject "MovieWorld" */ = {
			isa = XCConfigurationList;
			buildConfigurations = (
				03C41DC72615DBFE0055D985 /* Debug */,
				03C41DC82615DBFE0055D985 /* Release */,
			);
			defaultConfigurationIsVisible = 0;
			defaultConfigurationName = Release;
		};
		03C41DC92615DBFE0055D985 /* Build configuration list for PBXNativeTarget "MovieWorld" */ = {
			isa = XCConfigurationList;
			buildConfigurations = (
				03C41DCA2615DBFE0055D985 /* Debug */,
				03C41DCB2615DBFE0055D985 /* Release */,
			);
			defaultConfigurationIsVisible = 0;
			defaultConfigurationName = Release;
		};
/* End XCConfigurationList section */

/* Begin XCRemoteSwiftPackageReference section */
		03C41DD92615DF730055D985 /* XCRemoteSwiftPackageReference "SnapKit" */ = {
			isa = XCRemoteSwiftPackageReference;
			repositoryURL = "https://github.com/SnapKit/SnapKit";
			requirement = {
				kind = upToNextMajorVersion;
				minimumVersion = 5.0.1;
			};
		};
/* End XCRemoteSwiftPackageReference section */

/* Begin XCSwiftPackageProductDependency section */
		03C41DDA2615DF730055D985 /* SnapKit */ = {
			isa = XCSwiftPackageProductDependency;
			package = 03C41DD92615DF730055D985 /* XCRemoteSwiftPackageReference "SnapKit" */;
			productName = SnapKit;
		};
/* End XCSwiftPackageProductDependency section */
	};
	rootObject = 03C41DAD2615DBFC0055D985 /* Project object */;
}
